
Microsoft Visual Studio Solution File, Format Version 12.00
# Visual Studio Version 16
VisualStudioVersion = 16.0.30517.126
MinimumVisualStudioVersion = 10.0.40219.1
Project("{FAE04EC0-301F-11D3-BF4B-00C04F79EFBC}") = "Network_lab1", "Network_lab1\Network_lab1.csproj", "{3ED51A47-5DD7-4CDA-9252-BC8C665A8F16}"
EndProject
Global
	GlobalSection(SolutionConfigurationPlatforms) = preSolution
		Debug|Any CPU = Debug|Any CPU
		Release|Any CPU = Release|Any CPU
	EndGlobalSection
	GlobalSection(ProjectConfigurationPlatforms) = postSolution
		{3ED51A47-5DD7-4CDA-9252-BC8C665A8F16}.Debug|Any CPU.ActiveCfg = Debug|Any CPU
		{3ED51A47-5DD7-4CDA-9252-BC8C665A8F16}.Debug|Any CPU.Build.0 = Debug|Any CPU
		{3ED51A47-5DD7-4CDA-9252-BC8C665A8F16}.Release|Any CPU.ActiveCfg = Release|Any CPU
		{3ED51A47-5DD7-4CDA-9252-BC8C665A8F16}.Release|Any CPU.Build.0 = Release|Any CPU
	EndGlobalSection
	GlobalSection(SolutionProperties) = preSolution
		HideSolutionNode = FALSE
	EndGlobalSection
	GlobalSection(ExtensibilityGlobals) = postSolution
		SolutionGuid = {6D66D5E7-9FF6-4532-8088-B772E053F742}
	EndGlobalSection
EndGlobal
